{
  "nodes": {
    "nixpkgs": {
      "locked": {
        "lastModified": 1727188751,
        "narHash": "sha256-ldXqUOFgTzTWUH+SvQ7AYTpH17y/k7VhthCHFDMUIG0=",
        "owner": "nixos",
        "repo": "nixpkgs",
        "rev": "51296fce6f2b33717f710788af4e134aa7ff0e58",
        "type": "github"
      },
      "original": {
        "owner": "nixos",
        "repo": "nixpkgs",
        "type": "github"
      }
    },
    "root": {
      "inputs": {
        "nixpkgs": "nixpkgs"
      }
    }
  },
  "root": "root",
  "version": 7
}
