{
  "nodes": {
    "nixpkgs": {
      "locked": {
        "lastModified": 1710685457,
        "narHash": "sha256-BlbQ7fZGW6i2k0+3lNfndkOEmMBJGwHrrEz54XCipMI=",
        "owner": "nixos",
        "repo": "nixpkgs",
        "rev": "14074d40947746777aa120c07da53c96dd2d5a48",
        "type": "github"
      },
      "original": {
        "owner": "nixos",
        "repo": "nixpkgs",
        "type": "github"
      }
    },
    "root": {
      "inputs": {
        "nixpkgs": "nixpkgs"
      }
    }
  },
  "root": "root",
  "version": 7
}
